
Microsoft Visual Studio Solution File, Format Version 12.00
# Visual Studio Version 17
VisualStudioVersion = 17.4.33403.182
MinimumVisualStudioVersion = 10.0.40219.1
Project("{9A19103F-16F7-4668-BE54-9A1E7A4F7556}") = "ShippingApp", "ShippingApp\ShippingApp.csproj", "{16582DA9-BCDC-4F62-8BC7-2989E441A078}"
EndProject
Project("{FAE04EC0-301F-11D3-BF4B-00C04F79EFBC}") = "ShippingClient", "ShippingClient\ShippingClient.csproj", "{F75EC7B4-71BE-4153-8A02-E0BCAEAB9BD7}"
EndProject
Global
	GlobalSection(SolutionConfigurationPlatforms) = preSolution
		Debug|Any CPU = Debug|Any CPU
		Release|Any CPU = Release|Any CPU
	EndGlobalSection
	GlobalSection(ProjectConfigurationPlatforms) = postSolution
		{16582DA9-BCDC-4F62-8BC7-2989E441A078}.Debug|Any CPU.ActiveCfg = Debug|Any CPU
		{16582DA9-BCDC-4F62-8BC7-2989E441A078}.Debug|Any CPU.Build.0 = Debug|Any CPU
		{16582DA9-BCDC-4F62-8BC7-2989E441A078}.Release|Any CPU.ActiveCfg = Release|Any CPU
		{16582DA9-BCDC-4F62-8BC7-2989E441A078}.Release|Any CPU.Build.0 = Release|Any CPU
		{F75EC7B4-71BE-4153-8A02-E0BCAEAB9BD7}.Debug|Any CPU.ActiveCfg = Debug|Any CPU
		{F75EC7B4-71BE-4153-8A02-E0BCAEAB9BD7}.Debug|Any CPU.Build.0 = Debug|Any CPU
		{F75EC7B4-71BE-4153-8A02-E0BCAEAB9BD7}.Release|Any CPU.ActiveCfg = Release|Any CPU
		{F75EC7B4-71BE-4153-8A02-E0BCAEAB9BD7}.Release|Any CPU.Build.0 = Release|Any CPU
	EndGlobalSection
	GlobalSection(SolutionProperties) = preSolution
		HideSolutionNode = FALSE
	EndGlobalSection
	GlobalSection(ExtensibilityGlobals) = postSolution
		SolutionGuid = {92C27773-0130-498D-9437-DBFAE0401B54}
	EndGlobalSection
EndGlobal
